
Microsoft Visual Studio Solution File, Format Version 12.00
# Visual Studio Version 18
VisualStudioVersion = 18.0.11217.181 d18.0
MinimumVisualStudioVersion = 10.0.40219.1
Project("{FAE04EC0-301F-11D3-BF4B-00C04F79EFBC}") = "AspNetCoreMvcIdentity", "AspNetCoreMvcIdentity\AspNetCoreMvcIdentity.csproj", "{6E8E89E9-5F4B-4E6A-B76F-E9372D2A9EA6}"
EndProject
Global
	GlobalSection(SolutionConfigurationPlatforms) = preSolution
		Debug|Any CPU = Debug|Any CPU
		Debug|ARM64 = Debug|ARM64
		Release|Any CPU = Release|Any CPU
		Release|ARM64 = Release|ARM64
	EndGlobalSection
	GlobalSection(ProjectConfigurationPlatforms) = postSolution
		{6E8E89E9-5F4B-4E6A-B76F-E9372D2A9EA6}.Debug|Any CPU.ActiveCfg = Debug|Any CPU
		{6E8E89E9-5F4B-4E6A-B76F-E9372D2A9EA6}.Debug|Any CPU.Build.0 = Debug|Any CPU
		{6E8E89E9-5F4B-4E6A-B76F-E9372D2A9EA6}.Debug|ARM64.ActiveCfg = Debug|ARM64
		{6E8E89E9-5F4B-4E6A-B76F-E9372D2A9EA6}.Debug|ARM64.Build.0 = Debug|ARM64
		{6E8E89E9-5F4B-4E6A-B76F-E9372D2A9EA6}.Release|Any CPU.ActiveCfg = Release|Any CPU
		{6E8E89E9-5F4B-4E6A-B76F-E9372D2A9EA6}.Release|Any CPU.Build.0 = Release|Any CPU
		{6E8E89E9-5F4B-4E6A-B76F-E9372D2A9EA6}.Release|ARM64.ActiveCfg = Release|ARM64
		{6E8E89E9-5F4B-4E6A-B76F-E9372D2A9EA6}.Release|ARM64.Build.0 = Release|ARM64
	EndGlobalSection
	GlobalSection(SolutionProperties) = preSolution
		HideSolutionNode = FALSE
	EndGlobalSection
	GlobalSection(ExtensibilityGlobals) = postSolution
		SolutionGuid = {578A5C4F-382C-4CE4-A37C-6805A6E413A9}
	EndGlobalSection
EndGlobal
